{
  "name": "prettier-plugin-bq",
  "version": "1.0.0",
  "lockfileVersion": 1,
  "requires": true,
  "dependencies": {
    "big-integer": {
      "version": "1.6.48",
      "resolved": "https://registry.npmjs.org/big-integer/-/big-integer-1.6.48.tgz",
      "integrity": "sha512-j51egjPa7/i+RdiRuJbPdJ2FIUYYPhvYLjzoYbcMMm62ooO6F94fETG4MTs46zPAF9Brs04OajboA/qTGuz78w==",
      "dev": true
    },
    "node-sql-parser": {
      "version": "3.1.0",
      "resolved": "https://registry.npmjs.org/node-sql-parser/-/node-sql-parser-3.1.0.tgz",
      "integrity": "sha512-bm1vct9T8EtPi4/z8GA/UbN/xEwfUQsqhvmgnwyNMRSiQ4jvukCE4Esl363HbnBnXFhc5T4V9DuO29pWtC0q6w==",
      "dev": true,
      "requires": {
        "big-integer": "^1.6.48"
      }
    },
    "prettier": {
      "version": "2.2.1",
      "resolved": "https://registry.npmjs.org/prettier/-/prettier-2.2.1.tgz",
      "integrity": "sha512-PqyhM2yCjg/oKkFPtTGUojv7gnZAoG80ttl45O6x2Ug/rMJw4wcc9k6aaf2hibP7BGVCCM33gZoGjyvt9mm16Q==",
      "dev": true
    }
  }
}
