{
  "name": "@dr666m1/prettier-plugin-bq",
  "version": "0.0.1",
  "lockfileVersion": 1,
  "requires": true,
  "dependencies": {
    "@dr666m1/bq2cst": {
      "version": "0.0.10",
      "resolved": "https://registry.npmjs.org/@dr666m1/bq2cst/-/bq2cst-0.0.10.tgz",
      "integrity": "sha512-PyiwjG8ooxnr1UAALSF2/oRIrz2UitEVOU3M7bnoBhztrAnGo2Pcd3KtwLf0O8QZ6j/xwzmp/kgqoAz7YsOUpQ=="
    },
    "prettier": {
      "version": "2.2.1",
      "resolved": "https://registry.npmjs.org/prettier/-/prettier-2.2.1.tgz",
      "integrity": "sha512-PqyhM2yCjg/oKkFPtTGUojv7gnZAoG80ttl45O6x2Ug/rMJw4wcc9k6aaf2hibP7BGVCCM33gZoGjyvt9mm16Q=="
    }
  }
}
